
Microsoft Visual Studio Solution File, Format Version 12.00
# Visual Studio 14
VisualStudioVersion = 14.0.23107.0
MinimumVisualStudioVersion = 10.0.40219.1
Project("{FAE04EC0-301F-11D3-BF4B-00C04F79EFBC}") = "OfficeDevPnP.PartnerPack.SiteProvisioning", "OfficeDevPnP.PartnerPack.SiteProvisioning\OfficeDevPnP.PartnerPack.SiteProvisioning.csproj", "{5110E550-8DC6-46C9-A1D3-6CB6AAF88FBA}"
EndProject
Project("{FAE04EC0-301F-11D3-BF4B-00C04F79EFBC}") = "OfficeDevPnP.PartnerPack.SiteProvisioningWeb", "OfficeDevPnP.PartnerPack.SiteProvisioningWeb\OfficeDevPnP.PartnerPack.SiteProvisioningWeb.csproj", "{A9F80516-D250-4044-B197-B0C62A87725D}"
EndProject
Global
	GlobalSection(SolutionConfigurationPlatforms) = preSolution
		Debug|Any CPU = Debug|Any CPU
		Release|Any CPU = Release|Any CPU
	EndGlobalSection
	GlobalSection(ProjectConfigurationPlatforms) = postSolution
		{5110E550-8DC6-46C9-A1D3-6CB6AAF88FBA}.Debug|Any CPU.ActiveCfg = Debug|Any CPU
		{5110E550-8DC6-46C9-A1D3-6CB6AAF88FBA}.Debug|Any CPU.Build.0 = Debug|Any CPU
		{5110E550-8DC6-46C9-A1D3-6CB6AAF88FBA}.Debug|Any CPU.Deploy.0 = Debug|Any CPU
		{5110E550-8DC6-46C9-A1D3-6CB6AAF88FBA}.Release|Any CPU.ActiveCfg = Release|Any CPU
		{5110E550-8DC6-46C9-A1D3-6CB6AAF88FBA}.Release|Any CPU.Build.0 = Release|Any CPU
		{5110E550-8DC6-46C9-A1D3-6CB6AAF88FBA}.Release|Any CPU.Deploy.0 = Release|Any CPU
		{A9F80516-D250-4044-B197-B0C62A87725D}.Debug|Any CPU.ActiveCfg = Debug|Any CPU
		{A9F80516-D250-4044-B197-B0C62A87725D}.Debug|Any CPU.Build.0 = Debug|Any CPU
		{A9F80516-D250-4044-B197-B0C62A87725D}.Release|Any CPU.ActiveCfg = Release|Any CPU
		{A9F80516-D250-4044-B197-B0C62A87725D}.Release|Any CPU.Build.0 = Release|Any CPU
	EndGlobalSection
	GlobalSection(SolutionProperties) = preSolution
		HideSolutionNode = FALSE
	EndGlobalSection
EndGlobal
