
Microsoft Visual Studio Solution File, Format Version 12.00
# Visual Studio 14
VisualStudioVersion = 14.0.25420.1
MinimumVisualStudioVersion = 10.0.40219.1
Project("{FAE04EC0-301F-11D3-BF4B-00C04F79EFBC}") = "OfficeDevPnP.PartnerPack.SiteProvisioning", "OfficeDevPnP.PartnerPack.SiteProvisioning\OfficeDevPnP.PartnerPack.SiteProvisioning.csproj", "{9123B66F-A7A9-4E8E-83A2-9EC1FC4B57B3}"
EndProject
Project("{2150E333-8FDC-42A3-9474-1A3956D46DE8}") = "PublishScripts", "PublishScripts", "{BE32982E-601B-45BF-B30E-BD5843C855E3}"
	ProjectSection(SolutionItems) = preProject
		PublishScripts\AzureVMPublishModule.psm1 = PublishScripts\AzureVMPublishModule.psm1
		PublishScripts\Publish-WebApplicationVM.ps1 = PublishScripts\Publish-WebApplicationVM.ps1
	EndProjectSection
EndProject
Project("{2150E333-8FDC-42A3-9474-1A3956D46DE8}") = "Configurations", "Configurations", "{5346FD54-D140-4DD8-A61F-64F489E94613}"
	ProjectSection(SolutionItems) = preProject
		PublishScripts\Configurations\OfficeDevPnPPartnerPackSiteProvisioning-WAWS-dev.json = PublishScripts\Configurations\OfficeDevPnPPartnerPackSiteProvisioning-WAWS-dev.json
	EndProjectSection
EndProject
Project("{FAE04EC0-301F-11D3-BF4B-00C04F79EFBC}") = "OfficeDevPnP.PartnerPack.Infrastructure", "OfficeDevPnP.PartnerPack.Infrastructure\OfficeDevPnP.PartnerPack.Infrastructure.csproj", "{AF195497-CAFD-444E-9B7B-D3B0ACAC455C}"
EndProject
Project("{FAE04EC0-301F-11D3-BF4B-00C04F79EFBC}") = "OfficeDevPnP.PartnerPack.ScheduledJob", "OfficeDevPnP.PartnerPack.ScheduledJob\OfficeDevPnP.PartnerPack.ScheduledJob.csproj", "{EB640E2F-24DA-46FE-A1EA-FCC3C9B8B95F}"
EndProject
Project("{FAE04EC0-301F-11D3-BF4B-00C04F79EFBC}") = "OfficeDevPnP.PartnerPack.ContinousJob", "OfficeDevPnP.PartnerPack.ContinousJob\OfficeDevPnP.PartnerPack.ContinousJob.csproj", "{4C073AEE-8996-4DDF-A7AD-4B5E49FCFE52}"
EndProject
Project("{FAE04EC0-301F-11D3-BF4B-00C04F79EFBC}") = "OfficeDevPnP.PartnerPack.CheckAdminsJob", "OfficeDevPnP.PartnerPack.CheckAdminsJob\OfficeDevPnP.PartnerPack.CheckAdminsJob.csproj", "{8EEAA71A-F2F4-422F-8ABE-235A31BF5EE1}"
EndProject
Project("{FAE04EC0-301F-11D3-BF4B-00C04F79EFBC}") = "OfficeDevPnP.PartnerPack.ExternalUsersJob", "OfficeDevPnP.PartnerPack.ExternalUsersJob\OfficeDevPnP.PartnerPack.ExternalUsersJob.csproj", "{F85FA0E0-FF3B-40FD-BC72-D406E7BAB62F}"
EndProject
Project("{2150E333-8FDC-42A3-9474-1A3956D46DE8}") = "Scripts", "Scripts", "{17065892-0FA9-4BBE-85CF-14C3D0BC9C3C}"
	ProjectSection(SolutionItems) = preProject
		..\scripts\Configure-Configs.ps1 = ..\scripts\Configure-Configs.ps1
		..\scripts\Create-SelfSignedCertificate.ps1 = ..\scripts\Create-SelfSignedCertificate.ps1
		..\scripts\Get-SelfSignedCertificateInformation.ps1 = ..\scripts\Get-SelfSignedCertificateInformation.ps1
		..\scripts\Provision-GovernanceTimerJobs.ps1 = ..\scripts\Provision-GovernanceTimerJobs.ps1
		..\scripts\Provision-InfrastructureSiteArtifacts.ps1 = ..\scripts\Provision-InfrastructureSiteArtifacts.ps1
		..\scripts\Reset-Configs.ps1 = ..\scripts\Reset-Configs.ps1
	EndProjectSection
EndProject
Project("{FAE04EC0-301F-11D3-BF4B-00C04F79EFBC}") = "OfficeDevPnP.PartnerPack.Setup", "OfficeDevPnP.PartnerPack.Setup\OfficeDevPnP.PartnerPack.Setup.csproj", "{AE703009-00AF-4C14-86EA-C977C3FF6CFF}"
EndProject
Global
	GlobalSection(SolutionConfigurationPlatforms) = preSolution
		Debug|Any CPU = Debug|Any CPU
		Release|Any CPU = Release|Any CPU
	EndGlobalSection
	GlobalSection(ProjectConfigurationPlatforms) = postSolution
		{9123B66F-A7A9-4E8E-83A2-9EC1FC4B57B3}.Debug|Any CPU.ActiveCfg = Debug|Any CPU
		{9123B66F-A7A9-4E8E-83A2-9EC1FC4B57B3}.Debug|Any CPU.Build.0 = Debug|Any CPU
		{9123B66F-A7A9-4E8E-83A2-9EC1FC4B57B3}.Release|Any CPU.ActiveCfg = Release|Any CPU
		{9123B66F-A7A9-4E8E-83A2-9EC1FC4B57B3}.Release|Any CPU.Build.0 = Release|Any CPU
		{AF195497-CAFD-444E-9B7B-D3B0ACAC455C}.Debug|Any CPU.ActiveCfg = Debug|Any CPU
		{AF195497-CAFD-444E-9B7B-D3B0ACAC455C}.Debug|Any CPU.Build.0 = Debug|Any CPU
		{AF195497-CAFD-444E-9B7B-D3B0ACAC455C}.Release|Any CPU.ActiveCfg = Release|Any CPU
		{AF195497-CAFD-444E-9B7B-D3B0ACAC455C}.Release|Any CPU.Build.0 = Release|Any CPU
		{EB640E2F-24DA-46FE-A1EA-FCC3C9B8B95F}.Debug|Any CPU.ActiveCfg = Debug|Any CPU
		{EB640E2F-24DA-46FE-A1EA-FCC3C9B8B95F}.Debug|Any CPU.Build.0 = Debug|Any CPU
		{EB640E2F-24DA-46FE-A1EA-FCC3C9B8B95F}.Release|Any CPU.ActiveCfg = Release|Any CPU
		{EB640E2F-24DA-46FE-A1EA-FCC3C9B8B95F}.Release|Any CPU.Build.0 = Release|Any CPU
		{4C073AEE-8996-4DDF-A7AD-4B5E49FCFE52}.Debug|Any CPU.ActiveCfg = Debug|Any CPU
		{4C073AEE-8996-4DDF-A7AD-4B5E49FCFE52}.Debug|Any CPU.Build.0 = Debug|Any CPU
		{4C073AEE-8996-4DDF-A7AD-4B5E49FCFE52}.Release|Any CPU.ActiveCfg = Release|Any CPU
		{4C073AEE-8996-4DDF-A7AD-4B5E49FCFE52}.Release|Any CPU.Build.0 = Release|Any CPU
		{8EEAA71A-F2F4-422F-8ABE-235A31BF5EE1}.Debug|Any CPU.ActiveCfg = Debug|Any CPU
		{8EEAA71A-F2F4-422F-8ABE-235A31BF5EE1}.Debug|Any CPU.Build.0 = Debug|Any CPU
		{8EEAA71A-F2F4-422F-8ABE-235A31BF5EE1}.Release|Any CPU.ActiveCfg = Release|Any CPU
		{8EEAA71A-F2F4-422F-8ABE-235A31BF5EE1}.Release|Any CPU.Build.0 = Release|Any CPU
		{F85FA0E0-FF3B-40FD-BC72-D406E7BAB62F}.Debug|Any CPU.ActiveCfg = Debug|Any CPU
		{F85FA0E0-FF3B-40FD-BC72-D406E7BAB62F}.Debug|Any CPU.Build.0 = Debug|Any CPU
		{F85FA0E0-FF3B-40FD-BC72-D406E7BAB62F}.Release|Any CPU.ActiveCfg = Release|Any CPU
		{F85FA0E0-FF3B-40FD-BC72-D406E7BAB62F}.Release|Any CPU.Build.0 = Release|Any CPU
		{AE703009-00AF-4C14-86EA-C977C3FF6CFF}.Debug|Any CPU.ActiveCfg = Debug|Any CPU
		{AE703009-00AF-4C14-86EA-C977C3FF6CFF}.Debug|Any CPU.Build.0 = Debug|Any CPU
		{AE703009-00AF-4C14-86EA-C977C3FF6CFF}.Release|Any CPU.ActiveCfg = Release|Any CPU
		{AE703009-00AF-4C14-86EA-C977C3FF6CFF}.Release|Any CPU.Build.0 = Release|Any CPU
	EndGlobalSection
	GlobalSection(SolutionProperties) = preSolution
		HideSolutionNode = FALSE
	EndGlobalSection
	GlobalSection(NestedProjects) = preSolution
		{5346FD54-D140-4DD8-A61F-64F489E94613} = {BE32982E-601B-45BF-B30E-BD5843C855E3}
	EndGlobalSection
EndGlobal
